
Microsoft Visual Studio Solution File, Format Version 12.00
# Visual Studio Version 17
VisualStudioVersion = 17.3.32922.545
MinimumVisualStudioVersion = 10.0.40219.1
Project("{9A19103F-16F7-4668-BE54-9A1E7A4F7556}") = "FinancialApplication", "FinancialApplication\FinancialApplication.csproj", "{A7A30B9F-3080-41E6-AF79-E0D8982D230F}"
EndProject
Project("{9A19103F-16F7-4668-BE54-9A1E7A4F7556}") = "FinancialApplication.Data", "FinancialApplication.Data\FinancialApplication.Data.csproj", "{17EA0F2F-D043-43C5-B891-93D346865879}"
EndProject
Project("{9A19103F-16F7-4668-BE54-9A1E7A4F7556}") = "FinancialApplication.Service", "FinancialApplication.Service\FinancialApplication.Service.csproj", "{02E64B1D-07E0-49CB-8729-72F593A7B825}"
EndProject
Project("{9A19103F-16F7-4668-BE54-9A1E7A4F7556}") = "FinancialApplication.Models", "FinancialApplication.Models\FinancialApplication.Models.csproj", "{9BC3CBB6-B160-4651-B516-23F5885F0D89}"
EndProject
Project("{9A19103F-16F7-4668-BE54-9A1E7A4F7556}") = "FinancialApplication.DTO", "FinancialApplication.DTO\FinancialApplication.DTO.csproj", "{BDD8E8E6-63FD-4A56-B5E1-F82677248036}"
EndProject
Project("{9A19103F-16F7-4668-BE54-9A1E7A4F7556}") = "FinancialApplication.Commons", "FinancialApplication.Commons\FinancialApplication.Commons.csproj", "{5EFF8A07-5D2F-42EC-A185-B95CDC2D817F}"
EndProject
Global
	GlobalSection(SolutionConfigurationPlatforms) = preSolution
		Debug|Any CPU = Debug|Any CPU
		Release|Any CPU = Release|Any CPU
	EndGlobalSection
	GlobalSection(ProjectConfigurationPlatforms) = postSolution
		{A7A30B9F-3080-41E6-AF79-E0D8982D230F}.Debug|Any CPU.ActiveCfg = Debug|Any CPU
		{A7A30B9F-3080-41E6-AF79-E0D8982D230F}.Debug|Any CPU.Build.0 = Debug|Any CPU
		{A7A30B9F-3080-41E6-AF79-E0D8982D230F}.Release|Any CPU.ActiveCfg = Release|Any CPU
		{A7A30B9F-3080-41E6-AF79-E0D8982D230F}.Release|Any CPU.Build.0 = Release|Any CPU
		{17EA0F2F-D043-43C5-B891-93D346865879}.Debug|Any CPU.ActiveCfg = Debug|Any CPU
		{17EA0F2F-D043-43C5-B891-93D346865879}.Debug|Any CPU.Build.0 = Debug|Any CPU
		{17EA0F2F-D043-43C5-B891-93D346865879}.Release|Any CPU.ActiveCfg = Release|Any CPU
		{17EA0F2F-D043-43C5-B891-93D346865879}.Release|Any CPU.Build.0 = Release|Any CPU
		{02E64B1D-07E0-49CB-8729-72F593A7B825}.Debug|Any CPU.ActiveCfg = Debug|Any CPU
		{02E64B1D-07E0-49CB-8729-72F593A7B825}.Debug|Any CPU.Build.0 = Debug|Any CPU
		{02E64B1D-07E0-49CB-8729-72F593A7B825}.Release|Any CPU.ActiveCfg = Release|Any CPU
		{02E64B1D-07E0-49CB-8729-72F593A7B825}.Release|Any CPU.Build.0 = Release|Any CPU
		{9BC3CBB6-B160-4651-B516-23F5885F0D89}.Debug|Any CPU.ActiveCfg = Debug|Any CPU
		{9BC3CBB6-B160-4651-B516-23F5885F0D89}.Debug|Any CPU.Build.0 = Debug|Any CPU
		{9BC3CBB6-B160-4651-B516-23F5885F0D89}.Release|Any CPU.ActiveCfg = Release|Any CPU
		{9BC3CBB6-B160-4651-B516-23F5885F0D89}.Release|Any CPU.Build.0 = Release|Any CPU
		{BDD8E8E6-63FD-4A56-B5E1-F82677248036}.Debug|Any CPU.ActiveCfg = Debug|Any CPU
		{BDD8E8E6-63FD-4A56-B5E1-F82677248036}.Debug|Any CPU.Build.0 = Debug|Any CPU
		{BDD8E8E6-63FD-4A56-B5E1-F82677248036}.Release|Any CPU.ActiveCfg = Release|Any CPU
		{BDD8E8E6-63FD-4A56-B5E1-F82677248036}.Release|Any CPU.Build.0 = Release|Any CPU
		{5EFF8A07-5D2F-42EC-A185-B95CDC2D817F}.Debug|Any CPU.ActiveCfg = Debug|Any CPU
		{5EFF8A07-5D2F-42EC-A185-B95CDC2D817F}.Debug|Any CPU.Build.0 = Debug|Any CPU
		{5EFF8A07-5D2F-42EC-A185-B95CDC2D817F}.Release|Any CPU.ActiveCfg = Release|Any CPU
		{5EFF8A07-5D2F-42EC-A185-B95CDC2D817F}.Release|Any CPU.Build.0 = Release|Any CPU
	EndGlobalSection
	GlobalSection(SolutionProperties) = preSolution
		HideSolutionNode = FALSE
	EndGlobalSection
	GlobalSection(ExtensibilityGlobals) = postSolution
		SolutionGuid = {7AFDF1F8-647C-48B8-B989-EF0349CCD1FB}
	EndGlobalSection
EndGlobal
